{
    "version": "0.5",
    "requires": [
        "zlib/1.3.1#b8bc2603263cf7eccbd6e17e66b0ed76%1750000238.944",
        "wvware/1.2.9-odr#6bd4e48d585db93e63d8af1f62aae202%1750001998.925326",
        "vincentlaucsb-csv-parser/2.3.0#ac67e368e82c9e3da4a663c35e3a1b2f%1750000219.109",
        "util-linux-libuuid/2.39.2#637bd312b6310c18190469fae4e1d480%1750001552.07",
        "utfcpp/4.0.4#cd6efc5d62de4e9ee0b5f3abd0df37a9%1750000218.416",
        "uchardet/0.0.8#a9026ce72d955751db2dbda62c83c430%1750000217.668",
        "pugixml/1.14#c6afdcf73d71858303d8260b0d76ff91%1750000216.958",
        "poppler-data/0.4.12-odr#06cdb12e4cab52261a5eb6c7d7dad273%1750002000.844511",
        "poppler/24.08.0-odr#585a7d889e65498ec0f1e7b8fea0965e%1750002002.758035",
        "pixman/0.43.4#0dcdf859941e32fcc7bfb73ea1946a7f%1750001639.97",
        "pdf2htmlex/0.18.8.rc1-odr-git-e6c9ee6#bf5ba85d83f411e0b954acf5e1d6a19b%1750001999.961329",
        "pcre2/10.42#9a35f5089feb875ec61a38eca364ce77%1750000236.015",
        "openjpeg/2.5.2#6f7b733e151d1bbf5ed05cbabb846828%1750000300.976",
        "nlohmann_json/3.11.3#45828be26eb619a2e04ca517bb7b828d%1750000211.763",
        "miniz/3.0.2#bfbce07c6654293cce27ee24129d2df7%1750000211.025",
        "lzo/2.10#5725914235423c771cb1c6b607109b45%1750001638.618",
        "libxml2/2.12.7#1c4d20b7ab8b618ce699733723ba4df6%1750000648.779",
        "libselinux/3.6#5a78ff6ae5034eeaac8da723361a8ce4%1750000231.957",
        "libpng/1.6.48#dd0fc04a42b9a23bce065545a81d4847%1750000297.819",
        "libjpeg/9f#8edfe2699565c80c825d0256002504ff%1750000296.672",
        "libiconv/1.17#1ae2f60ab5d08de1643a22a81b360c59%1750000334.386",
        "libgsf/1.14.52#9b22c41267004c80ba5cde5d01e23a24%1750002000.409102",
        "libgettext/0.22#35d2811b2dd27a98f69e4daa86ca2000%1750000333.394",
        "libffi/3.4.8#e3223654b677ee5354db3dced2c7519d%1750002003.650502",
        "libelf/0.8.13#ba59bbc89757ed62cfd7690a73bf81be%1750000230.285",
        "lcms/2.16#fb083506ff40fd950c9e5c39df8bed54%1750000294.657",
        "gtest/1.14.0#f8f0757a574a8dd747d16af62d6eb1b7%1750000208.716",
        "glib/2.81.0-odr#ddf445d5af468f972978af93c44d26e1%1750001999.375734",
        "giflib/5.2.2#3923fc0f7ffec2f0bdbdee9b548f9248%1750000907.58",
        "freetype/2.13.2#5d2563803c8558d4ef47271a82c73d20%1750000292.435",
        "fontforge/20240423-git#8ae4b098d2372ee160575ed2aba4aa5c%1750002002.904881",
        "fontconfig/2.15.0-odr#2febbef44ca469204c8ff38cfd21db59%1750002000.5558069",
        "expat/2.7.1#b0b67ba910c5147271b444139ca06953%1750000778.374",
        "cryptopp/8.9.0#fe3de584c28c0ecc938a1671e3f1bd72%1750000207.862",
        "cpp-httplib/0.16.3#114ab32072aa5b4f66b04730e2fb2967%1750000207.079",
        "cairo/1.18.0-odr#c1d0ad14a91ad6d161e756d54277ac13%1750002000.116066",
        "bzip2/1.0.8#00b4a4658791c1f06914e087f0e792f5%1750000224.837",
        "brotli/1.1.0#406ce8f1c997f4ef7852fa01ff85ef9f%1750000288.894",
        "boost/1.86.0#b389df94f8fa0e15145bc66322ca0e82%1750000286.946",
        "argon2/20190702#37c6ca01c2dd638c095551ef9e392231%1750001999.22692"
    ],
    "build_requires": [
        "zlib/1.3.1#b8bc2603263cf7eccbd6e17e66b0ed76%1750000238.944",
        "pkgconf/2.2.0#6462942a22803086372db44689ba825f%1750000238.024",
        "pkgconf/2.1.0#27f44583701117b571307cf5b5fe5605%1750000302.359",
        "pkgconf/2.0.3#f996677e96e61e6552d85e83756c328b%1750000237.199",
        "pcre2/10.42#9a35f5089feb875ec61a38eca364ce77%1750000236.015",
        "ninja/1.12.1#fd583651bf0c6a901943495d49878803%1750000235.153",
        "meson/1.4.0#2262941cc8fbb0099dd0c196ca2a6c01%1750000234.33",
        "meson/1.3.2#26ce8a76a36cc275cdfee1d757bc6561%1750000299.857",
        "meson/1.2.2#21b73818ba96d9eea465b310b5bbc993%1750000233.916",
        "meson/1.2.1#f2b0c7763308df8e33172744dace8845%1750000298.922",
        "m4/1.4.19#b38ced39a01e31fef5435bc634461fd2%1750000233.041",
        "libtool/2.4.7#a182d7ce8d4c346a19dbd4a5d532ef68%1750000647.395",
        "libselinux/3.6#5a78ff6ae5034eeaac8da723361a8ce4%1750000231.957",
        "libiconv/1.17#1ae2f60ab5d08de1643a22a81b360c59%1750000334.386",
        "libffi/3.4.8#e3223654b677ee5354db3dced2c7519d%1750002003.650502",
        "libelf/0.8.13#ba59bbc89757ed62cfd7690a73bf81be%1750000230.285",
        "gtk-doc-stub/cci.20181216#09072d684ce1458596b44a30a747494c%1750000641.043",
        "gperf/3.1#1d622ad9717e9348ed3685c9994ad0b9%1750000781.272",
        "gnu-config/cci.20210814#dc430d754f465e8c74463019672fb97b%1750000229.416",
        "glib/2.81.0-odr#ddf445d5af468f972978af93c44d26e1%1750001999.375734",
        "gettext/0.22.5#909a6ca9b6d4062e9b6ccf25c8461cda%1750000632.134",
        "flex/2.6.4#e35bc44b3fcbcd661e0af0dc5b5b1ad4%1750000226.182",
        "cmake/3.31.6#ed0e6c1d49bd564ce6fed1a19653b86d%1750000206.637",
        "bzip2/1.0.8#00b4a4658791c1f06914e087f0e792f5%1750000224.837",
        "automake/1.16.5#058bda3e21c36c9aa8425daf3c1faf50%1750000337.039",
        "autoconf/2.71#f9307992909d7fb3df459340f1932809%1750000224.019"
    ],
    "python_requires": [],
    "config_requires": []
}