{
    "version": "0.5",
    "requires": [
        "vincentlaucsb-csv-parser/2.3.0#ac67e368e82c9e3da4a663c35e3a1b2f%1718528275.177",
        "utfcpp/4.0.8#2b56ab30c4747169f419f9a82a47d45c%1758199947.264",
        "uchardet/0.0.8#6ab25e452021fcdb560f4e37f4a27bc1%1759735438.978",
        "pugixml/1.15#979e88f4fafbfe3585d2c0510a071cc7%1739435725.483",
        "nlohmann_json/3.12.0#2d634ab0ec8d9f56353e5ccef6d6612c%1744735883.94",
        "miniz/3.0.2#bfbce07c6654293cce27ee24129d2df7%1743673472.805",
        "gtest/1.17.0#5224b3b3ff3b4ce1133cbdd27d53ee7d%1755784855.585",
        "cryptopp/8.9.0#7a51e0038756b21bc3a6b82d681d5906%1758206597.119",
        "cpp-httplib/0.28.0#72554798c3de90e043e2bca35e8dcc3b%1765702736.773",
        "argon2/20190702-odr#965901884bc82ec8a7c0a1305d42c127%1766240970.4823139"
    ],
    "build_requires": [
        "cmake/4.2.1#951586eff155256a7b5298631d6b1416%1765387599.255",
        "cmake/3.31.10#313d16a1aa16bbdb2ca0792467214b76%1763665505.054"
    ],
    "python_requires": [],
    "config_requires": []
}
