{
    "version": "0.5",
    "requires": [
        "zlib/1.3.1#b8bc2603263cf7eccbd6e17e66b0ed76%1746210836.885",
        "tmpfile/3.0.6#55320ca8b4f0ce73669da77e247497d5%1751998475.967653",
        "pcre2/10.42#9a35f5089feb875ec61a38eca364ce77%1746210824.813",
        "libxml2/2.12.7#1c4d20b7ab8b618ce699733723ba4df6%1746210824.493",
        "libselinux/3.6#5a78ff6ae5034eeaac8da723361a8ce4%1748075177.52",
        "libpng/1.6.48#dd0fc04a42b9a23bce065545a81d4847%1746524582.51",
        "libiconv/1.17#1e65319e945f2d31941a9d28cc13c058%1751481424.612",
        "libiconv/1.17#1ae2f60ab5d08de1643a22a81b360c59%1746210820.913",
        "libgsf/1.14.52#9b22c41267004c80ba5cde5d01e23a24%1746210818.408",
        "libgettext/0.22#35d2811b2dd27a98f69e4daa86ca2000%1750000333.394",
        "libffi/3.4.8#e3223654b677ee5354db3dced2c7519d%1747050618.826",
        "libelf/0.8.13#ba59bbc89757ed62cfd7690a73bf81be%1746210814.799",
        "glib/2.81.0-odr#ddf445d5af468f972978af93c44d26e1%1747052221.246",
        "bzip2/1.0.8#00b4a4658791c1f06914e087f0e792f5%1746210799.281"
    ],
    "build_requires": [
        "pkgconf/2.2.0#6462942a22803086372db44689ba825f%1746210830.869",
        "pkgconf/2.1.0#27f44583701117b571307cf5b5fe5605%1746210829.57",
        "pkgconf/2.0.3#f996677e96e61e6552d85e83756c328b%1746210828.261",
        "ninja/1.13.0#53ff096207a5599ced46a633271b3cef%1751481429.955",
        "ninja/1.12.1#fd583651bf0c6a901943495d49878803%1746210830.003",
        "meson/1.4.0#2262941cc8fbb0099dd0c196ca2a6c01%1746211013.285",
        "meson/1.2.2#21b73818ba96d9eea465b310b5bbc993%1746210827.711",
        "m4/1.4.19#b38ced39a01e31fef5435bc634461fd2%1746210826.624",
        "libtool/2.4.7#a182d7ce8d4c346a19dbd4a5d532ef68%1746210822.785",
        "libiconv/1.17#1e65319e945f2d31941a9d28cc13c058%1751481424.612",
        "libiconv/1.17#1ae2f60ab5d08de1643a22a81b360c59%1746210820.913",
        "gtk-doc-stub/cci.20181216#09072d684ce1458596b44a30a747494c%1746210813.695",
        "gnu-config/cci.20210814#69fde734e1a46fd1655b4af46ab40945%1751053297.019",
        "gnu-config/cci.20210814#dc430d754f465e8c74463019672fb97b%1746210812.601",
        "gettext/0.22.5#a1f31cc77dee0345699745ef39686dd0%1751053295.554",
        "gettext/0.22.5#909a6ca9b6d4062e9b6ccf25c8461cda%1746210802.223",
        "flex/2.6.4#e35bc44b3fcbcd661e0af0dc5b5b1ad4%1748075168.656",
        "automake/1.16.5#058bda3e21c36c9aa8425daf3c1faf50%1746210798.187",
        "autoconf/2.71#51077f068e61700d65bb05541ea1e4b0%1751053275.066",
        "autoconf/2.71#f9307992909d7fb3df459340f1932809%1746210796.569"
    ],
    "python_requires": [],
    "config_requires": []
}