{
    "version": "0.5",
    "requires": [
        "zlib/1.3.1#cac0f6daea041b0ccf42934163defb20%1765284699.337",
        "poppler-data/0.4.12-odr#06cdb12e4cab52261a5eb6c7d7dad273%1766349558.167614",
        "openjpeg/2.5.4#372fbc2b4348d45ab0c0a62a8475dc2f%1760446899.685",
        "libpng/1.6.53#a55f084366cd7b81cfce80327507913e%1765191393.267",
        "libjpeg/9f#8edfe2699565c80c825d0256002504ff%1723665907.087",
        "libiconv/1.17#1e65319e945f2d31941a9d28cc13c058%1751451666.321",
        "lcms/2.17#3feb06eea368c52c82f50107cd7694cd%1753693316.094",
        "freetype/2.14.1#40f1e4af5db7d8155f9ecabd09973280%1762374429.281",
        "bzip2/1.0.8#c470882369c2d95c5c77e970c0c7e321%1762886692.465",
        "brotli/1.1.0#3f631ef77008f7b5eb388780116371a3%1764862343.045",
        "boost/1.90.0#d5e8defe7355494953be18524a7f135b%1765955095.179"
    ],
    "build_requires": [
        "pkgconf/2.5.1#93c2051284cba1279494a43a4fcfeae2%1757684701.089",
        "ninja/1.13.2#c8c5dc2a52ed6e4e42a66d75b4717ceb%1764096931.974",
        "msys2/cci.latest#1996656c3c98e5765b25b60ff5cf77b4%1764840888.758",
        "meson/1.9.1#abbc783cd297bedce14581b4aec060b8%1758626166.349",
        "cmake/3.31.10#313d16a1aa16bbdb2ca0792467214b76%1763665505.054"
    ],
    "python_requires": [],
    "config_requires": []
}
