{
    "version": "0.5",
    "requires": [
        "zlib/1.3.1#b8bc2603263cf7eccbd6e17e66b0ed76%1733936244.862",
        "poppler-data/0.4.12-odr#06cdb12e4cab52261a5eb6c7d7dad273%1761136430.546",
        "openjpeg/2.5.2#6f7b733e151d1bbf5ed05cbabb846828%1709653017.024",
        "libpng/1.6.48#dd0fc04a42b9a23bce065545a81d4847%1746141949.748",
        "libjpeg/9f#8edfe2699565c80c825d0256002504ff%1723665907.087",
        "libiconv/1.17#1e65319e945f2d31941a9d28cc13c058%1751451666.321",
        "lcms/2.16#fb083506ff40fd950c9e5c39df8bed54%1703969656.459",
        "freetype/2.13.2#5d2563803c8558d4ef47271a82c73d20%1728736671.752",
        "bzip2/1.0.8#00b4a4658791c1f06914e087f0e792f5%1744702067.178",
        "brotli/1.1.0#406ce8f1c997f4ef7852fa01ff85ef9f%1743158659.041",
        "boost/1.86.0#cd839a2082585255010f9e82eea94c7f%1728027203.247"
    ],
    "build_requires": [
        "pkgconf/2.2.0#6462942a22803086372db44689ba825f%1713364853.749",
        "pkgconf/2.1.0#27f44583701117b571307cf5b5fe5605%1701537936.436",
        "ninja/1.13.0#53ff096207a5599ced46a633271b3cef%1751046277.036",
        "meson/1.3.2#26ce8a76a36cc275cdfee1d757bc6561%1726730118.251",
        "meson/1.2.2#21b73818ba96d9eea465b310b5bbc993%1726730120.212",
        "meson/1.2.1#f2b0c7763308df8e33172744dace8845%1726730117.905",
        "cmake/3.31.8#dd6e07c418afc4b30cb1c21584dccc49%1750223587.75"
    ],
    "python_requires": [],
    "config_requires": []
}