{
    "version": "0.5",
    "requires": [
        "zlib/1.3.1#b8bc2603263cf7eccbd6e17e66b0ed76%1733936244.862",
        "poppler-data/0.4.12-odr#06cdb12e4cab52261a5eb6c7d7dad273%1761496872.9032168",
        "openjpeg/2.5.2#6f7b733e151d1bbf5ed05cbabb846828%1709653017.024",
        "libpng/1.6.50#c96b3b9fa67d44545d6583bb0c348904%1751616189.701",
        "libjpeg/9f#8edfe2699565c80c825d0256002504ff%1723665907.087",
        "libiconv/1.17#1e65319e945f2d31941a9d28cc13c058%1751451666.321",
        "lcms/2.16#803222ca149d2e07e9c0ab32342e47e6%1753689779.344",
        "freetype/2.13.2#18656f7a6d52256a930f1cbd79f1509d%1756828316.696",
        "bzip2/1.0.8#00b4a4658791c1f06914e087f0e792f5%1744702067.178",
        "brotli/1.1.0#406ce8f1c997f4ef7852fa01ff85ef9f%1743158659.041",
        "boost/1.86.0#0675eb54da69d8eed264eb22203a7117%1761059017.02"
    ],
    "build_requires": [
        "pkgconf/2.2.0#4ac315b50ef734072b00ff3aacbf52bf%1755505628.021",
        "ninja/1.13.1#294f8721dbcde145674f7ba44994700e%1753400352.374",
        "msys2/cci.latest#5b73b10144f73cc5bfe0572ed9be39e1%1751977009.857",
        "meson/1.9.1#abbc783cd297bedce14581b4aec060b8%1758626166.349",
        "cmake/3.31.8#dd6e07c418afc4b30cb1c21584dccc49%1750223587.75"
    ],
    "python_requires": [],
    "config_requires": []
}