{
    "version": "0.5",
    "requires": [
        "zlib/1.3.1#cac0f6daea041b0ccf42934163defb20%1765284699.337",
        "util-linux-libuuid/2.41.2#ee8e33ba15c17c0140643e0bd93c0b6f%1765881086.29",
        "libpng/1.6.55#f32362d4db3c562271d907c99be24091%1770802173.684",
        "freetype/2.14.1#40f1e4af5db7d8155f9ecabd09973280%1762374429.281",
        "expat/2.7.4#55569edc34682009fd6f2e6a558ffed9%1770155753.962",
        "bzip2/1.0.8#c470882369c2d95c5c77e970c0c7e321%1762886692.465",
        "brotli/1.1.0#3f631ef77008f7b5eb388780116371a3%1764862343.045"
    ],
    "build_requires": [
        "pkgconf/2.5.1#93c2051284cba1279494a43a4fcfeae2%1757684701.089",
        "ninja/1.13.2#c8c5dc2a52ed6e4e42a66d75b4717ceb%1764096931.974",
        "meson/1.10.0#60786758ea978964c24525de19603cf4%1768294926.103",
        "meson/1.9.1#abbc783cd297bedce14581b4aec060b8%1758626166.349",
        "gperf/3.1#a7afdf8f7cccdc2dcd4d962370c33d4f%1755780571.156",
        "cmake/4.2.3#c5c10d4c90874997553970589940ab9c%1769792867.095"
    ],
    "python_requires": [],
    "config_requires": []
}
