{
    "version": "0.5",
    "requires": [
        "zlib/1.3.1#b8bc2603263cf7eccbd6e17e66b0ed76%1733936244.862",
        "util-linux-libuuid/2.39.2#637bd312b6310c18190469fae4e1d480%1729761467.688",
        "libpng/1.6.50#c96b3b9fa67d44545d6583bb0c348904%1751616189.701",
        "freetype/2.13.2#18656f7a6d52256a930f1cbd79f1509d%1756828316.696",
        "expat/2.7.3#f529802a90f0758a01f498a18f8c657b%1759399780.465",
        "bzip2/1.0.8#00b4a4658791c1f06914e087f0e792f5%1744702067.178",
        "brotli/1.1.0#406ce8f1c997f4ef7852fa01ff85ef9f%1743158659.041"
    ],
    "build_requires": [
        "pkgconf/2.2.0#4ac315b50ef734072b00ff3aacbf52bf%1755505628.021",
        "pkgconf/2.1.0#21f96520faf7660b99f872e956d2ac13%1755505630.82",
        "ninja/1.13.1#294f8721dbcde145674f7ba44994700e%1753400352.374",
        "msys2/cci.latest#5b73b10144f73cc5bfe0572ed9be39e1%1751977009.857",
        "meson/1.9.1#abbc783cd297bedce14581b4aec060b8%1758626166.349",
        "meson/1.4.0#2262941cc8fbb0099dd0c196ca2a6c01%1726730116.631",
        "gperf/3.1#a7afdf8f7cccdc2dcd4d962370c33d4f%1755780571.156"
    ],
    "python_requires": [],
    "config_requires": []
}