{
    "version": "0.5",
    "requires": [
        "zlib/1.3.1#b8bc2603263cf7eccbd6e17e66b0ed76%1750000238.944",
        "poppler-data/0.4.12-odr#06cdb12e4cab52261a5eb6c7d7dad273%1750002000.844511",
        "openjpeg/2.5.2#6f7b733e151d1bbf5ed05cbabb846828%1750000300.976",
        "libpng/1.6.48#dd0fc04a42b9a23bce065545a81d4847%1750000297.819",
        "libjpeg/9f#8edfe2699565c80c825d0256002504ff%1750000296.672",
        "libiconv/1.17#1ae2f60ab5d08de1643a22a81b360c59%1750000334.386",
        "lcms/2.16#fb083506ff40fd950c9e5c39df8bed54%1750000294.657",
        "freetype/2.13.2#5d2563803c8558d4ef47271a82c73d20%1750000292.435",
        "bzip2/1.0.8#00b4a4658791c1f06914e087f0e792f5%1750000224.837",
        "brotli/1.1.0#406ce8f1c997f4ef7852fa01ff85ef9f%1750000288.894",
        "boost/1.86.0#b389df94f8fa0e15145bc66322ca0e82%1750000286.946"
    ],
    "build_requires": [
        "pkgconf/2.2.0#6462942a22803086372db44689ba825f%1750000238.024",
        "pkgconf/2.1.0#27f44583701117b571307cf5b5fe5605%1750000302.359",
        "ninja/1.12.1#fd583651bf0c6a901943495d49878803%1750000235.153",
        "msys2/cci.latest#d81a9835cf3b4b60a2ed5360e7e2630d%1750000338.863",
        "meson/1.3.2#26ce8a76a36cc275cdfee1d757bc6561%1750000299.857",
        "meson/1.2.2#21b73818ba96d9eea465b310b5bbc993%1750000233.916",
        "meson/1.2.1#f2b0c7763308df8e33172744dace8845%1750000298.922",
        "cmake/3.31.6#ed0e6c1d49bd564ce6fed1a19653b86d%1750000206.637"
    ],
    "python_requires": [],
    "config_requires": []
}