{
    "version": "0.5",
    "requires": [
        "zlib/1.3.1#b8bc2603263cf7eccbd6e17e66b0ed76%1750000238.944",
        "libpng/1.6.48#dd0fc04a42b9a23bce065545a81d4847%1750000297.819",
        "freetype/2.13.2#5d2563803c8558d4ef47271a82c73d20%1750000292.435",
        "expat/2.6.2#2d385d0d50eb5561006a7ff9e356656b%1750001599.289",
        "bzip2/1.0.8#00b4a4658791c1f06914e087f0e792f5%1750000224.837",
        "brotli/1.1.0#406ce8f1c997f4ef7852fa01ff85ef9f%1750000288.894"
    ],
    "build_requires": [
        "pkgconf/2.2.0#6462942a22803086372db44689ba825f%1750000238.024",
        "pkgconf/2.1.0#27f44583701117b571307cf5b5fe5605%1750000302.359",
        "ninja/1.12.1#fd583651bf0c6a901943495d49878803%1750000235.153",
        "meson/1.3.2#26ce8a76a36cc275cdfee1d757bc6561%1750000299.857",
        "meson/1.2.2#21b73818ba96d9eea465b310b5bbc993%1750000233.916",
        "m4/1.4.19#b38ced39a01e31fef5435bc634461fd2%1750000233.041",
        "libtool/2.4.7#a182d7ce8d4c346a19dbd4a5d532ef68%1750000647.395",
        "gnu-config/cci.20210814#dc430d754f465e8c74463019672fb97b%1750000229.416",
        "automake/1.16.5#058bda3e21c36c9aa8425daf3c1faf50%1750000337.039",
        "autoconf/2.71#f9307992909d7fb3df459340f1932809%1750000224.019"
    ],
    "python_requires": [],
    "config_requires": []
}