{
    "version": "0.5",
    "requires": [],
    "build_requires": [
        "msys2/cci.latest#d81a9835cf3b4b60a2ed5360e7e2630d%1750000338.863",
        "m4/1.4.19#b38ced39a01e31fef5435bc634461fd2%1750000233.041",
        "automake/1.16.5#058bda3e21c36c9aa8425daf3c1faf50%1750000337.039",
        "autoconf/2.71#f9307992909d7fb3df459340f1932809%1750000224.019"
    ],
    "python_requires": [],
    "config_requires": []
}